github.com/42wim/httpsig v1.2.4 h1:mI5bH0nm4xn7K18fo1K3okNDRq8CCJ0KbBYWyA6r8lU=
github.com/42wim/httpsig v1.2.4/go.mod h1:yKsYfSyTBEohkPik224QPFylmzEBtda/kjyIAJjh3ps=
github.com/davidmz/go-pageant v1.0.2 h1:bPblRCh5jGU+Uptpz6LgMZGD5hJoOt7otgT454WvHn0=
github.com/davidmz/go-pageant v1.0.2/go.mod h1:P2EDDnMqIwG5Rrp05dTRITj9z2zpGcD9efWSkTNKLIE=
github.com/go-fed/httpsig v1.1.0 h1:9M+hb0jkEICD8/cAiNqEB66R87tTINszBRTjwjQzWcI=
github.com/go-fed/httpsig v1.1.0/go.mod h1:RCMrTZvN1bJYtofsG4rd5NaO5obxQ5xBkdiS7xsT7bM=
github.com/go-openapi/errors v0.22.8 h1:oP7sW7TWc3wFFjrzzj0nI83H2qMBkNjNfSd+XRejk/I=
github.com/go-openapi/errors v0.22.8/go.mod h1:BuUoHcYrU6E7V9gfj1I5wLQqgtIHnup/alXZ8KdgQ0w=
github.com/go-openapi/jsonpointer v1.0.0 h1:kR9tHqY0CtZaOPVFm622dPVNhrvYpwr4uCxgL3h1H8s=
github.com/go-openapi/jsonpointer v1.0.0/go.mod h1:Z3rw7dWu1p9IgitXCFamSlA5lmDiklEB6vkaxcNZW5Y=
github.com/go-openapi/strfmt v0.27.0 h1:kbcTeaD9TXuXD0hhMXzuYa1sdTo6+dWGvwjW93E80IM=
github.com/go-openapi/strfmt v0.27.0/go.mod h1:s/qhDqfY72irigXUGJmtgid2Rm+3tnz3k8hZaRmvWYc=
github.com/go-openapi/swag v0.29.1 h1:C6EeWzUwQtcWEhE9eqBdUubGXxhWY4PlzHMLD7kLaiQ=
github.com/go-openapi/swag v0.29.1/go.mod h1:BzxEXKiPlSXRsRTv1KSBF/BpGKHxA/YciCnr4tv9bvA=
github.com/go-openapi/swag/cmdutils v0.29.1 h1:3DorPGfUdE80BogKY22EzoHBcHMrkVomZMoV7kS4ANY=
github.com/go-openapi/swag/cmdutils v0.29.1/go.mod h1:Sm1MVFMkF6guJJ+pQqHnQA3N0j9qALV3NxzDSv6bETM=
github.com/go-openapi/swag/conv v0.29.1 h1:AC4Eh/5c/eUDOUCzzsRC9ghmFgOSBHeRMGIngY0ZUGA=
github.com/go-openapi/swag/conv v0.29.1/go.mod h1:S1X7/ZrBEZOC0Wc8AGxjbcGS92l3WEjA7aPtpl+RaqM=
github.com/go-openapi/swag/fileutils v0.29.1 h1:ZcPzMceVhU1WPbK6N1G6sNQKdd1CWJlf3cA08UHuoM0=
github.com/go-openapi/swag/fileutils v0.29.1/go.mod h1:/wofKYckbtRl2p3+EwQsosie5CT1B38+dQ+PS579BzI=
github.com/go-openapi/swag/jsonutils v0.29.1 h1:AFCxs0eQZ24/QyfhVHM2t49rMz7Vv3XCsZQI6yrNy+c=
github.com/go-openapi/swag/jsonutils v0.29.1/go.mod h1:u3+sCfJpttDpcmS5kpm0yxL6GK0eWgODsx8Yw8fcqNM=
github.com/go-openapi/swag/jsonutils/fixtures_test v0.29.1 h1:BiiXE31Bx9SfpsMmOQj5KYpUhTZBpLVriVhJDuLuY2o=
github.com/go-openapi/swag/jsonutils/fixtures_test v0.29.1/go.mod h1:julgTUKZ9/D0j6O7GKajmRs+812FWxQg/mMpGunWSjg=
github.com/go-openapi/swag/loading v0.29.1 h1:FCv5fG8UhTdDJa2R7w+5O9Ekpcbw7tt0nFWvmDKGBjc=
github.com/go-openapi/swag/loading v0.29.1/go.mod h1:N0ESuem4p2oedKal8EJhciqnJ9Q9Wmt83L1CRB3Fouw=
github.com/go-openapi/swag/mangling v0.29.1 h1:lHALtvYCdxVnRl4GrHmFPwfBTZYIObqdGNSKyu/8D6I=
github.com/go-openapi/swag/mangling v0.29.1/go.mod h1:SAop9pB7PUjQ/CGCNf/JmCKTRK+GDO+RqE9UHqC/N6s=
github.com/go-openapi/swag/netutils v0.29.1 h1:IjIvdEP5duKcghFqJEPSUraRnkKYHoM65kTluTu+Jb4=
github.com/go-openapi/swag/netutils v0.29.1/go.mod h1:DUde7x4Bx00k5jYl2AdRpNAO0m7atUvD2x6X+bWkbno=
github.com/go-openapi/swag/pools v0.29.1 h1:NRogYxdEW9SjRM4mkAOji9iefO4MRXq3p/ZJcoQbUKg=
github.com/go-openapi/swag/pools v0.29.1/go.mod h1:leDcaghjkRAhCuCRv9NfJU5f0mjoU3cT/XZObhMk3pc=
github.com/go-openapi/swag/stringutils v0.29.1 h1:1ykunK7iJQk1uOO7+oUH1ukbsK85fFCOiCFMOVSY+F0=
github.com/go-openapi/swag/stringutils v0.29.1/go.mod h1:7fSqZ+z8Qc0tOfAAK0jVa5qFGrnIlRi6n7NeGGrr1vc=
github.com/go-openapi/swag/typeutils v0.29.1 h1:Nzv9nhnlLCRBPQqfOX+7lB6Guju370or8StT+lIOf6M=
github.com/go-openapi/swag/typeutils v0.29.1/go.mod h1:hxpgDZJVBkBsi/d3MIUosafoFdE5exaQRmVp0zwu3YE=
github.com/go-openapi/swag/yamlutils v0.29.1 h1:69w3tsBajm7MR/fejLy7HD/3J68Ys1SeeZMEzZ3w2sk=
github.com/go-openapi/swag/yamlutils v0.29.1/go.mod h1:rgsp3vT/QdWzKwn43CigDwjOGIenPyTZMKnxEM8jZOA=
github.com/go-openapi/testify/enable/yaml/v2 v2.6.1 h1:Jm+/ze2rMtbD98yen92AhATGLGREDYXG56Xr4gMjEtE=
github.com/go-openapi/testify/enable/yaml/v2 v2.6.1/go.mod h1:YDPnwCRDu38/oJBVMBVXOUDiJ9cIeBHWvfImHaXqnv4=
github.com/go-openapi/testify/v2 v2.6.1 h1:6CNJhTjMzgaeaH8WhshcsZNPIvRemiOcFpU7seO/y7Q=
github.com/go-openapi/testify/v2 v2.6.1/go.mod h1:SgsVHtfooshd0tublTtJ50FPKhujf47YRqauXXOUxfw=
github.com/go-viper/mapstructure/v2 v2.5.0 h1:vM5IJoUAy3d7zRSVtIwQgBj7BiWtMPfmPEgAXnvj1Ro=
github.com/go-viper/mapstructure/v2 v2.5.0/go.mod h1:oJDH3BJKyqBA2TXFhDsKDGDTlndYOZ6rGS0BRZIxGhM=
github.com/google/uuid v1.6.0 h1:NIvaJDMOsjHA8n1jAhLSgzrAzy1Hgr+hNrb57e+94F0=
github.com/google/uuid v1.6.0/go.mod h1:TIyPZe4MgqvfeYDBFedMoGGpEw/LqOeaOT+nhxU+yHo=
github.com/hashicorp/go-version v1.9.0 h1:CeOIz6k+LoN3qX9Z0tyQrPtiB1DFYRPfCIBtaXPSCnA=
github.com/hashicorp/go-version v1.9.0/go.mod h1:fltr4n8CU8Ke44wwGCBoEymUuxUHl09ZGVZPK5anwXA=
github.com/oklog/ulid/v2 v2.1.1 h1:suPZ4ARWLOJLegGFiZZ1dFAkqzhMjL3J1TzI+5wHz8s=
github.com/oklog/ulid/v2 v2.1.1/go.mod h1:rcEKHmBBKfef9DhnvX7y1HZBYxjXb0cP5ExxNsTT1QQ=
github.com/pborman/getopt v0.0.0-20170112200414-7148bc3a4c30/go.mod h1:85jBQOZwpVEaDAr341tbn15RS4fCAsIst0qp7i8ex1o=
github.com/stretchr/testify v1.12.1 h1:EuwCh5fleGS7H32xRwO3wRGT7DxrDhLAT6FF8MpWDWE=
github.com/stretchr/testify v1.12.1/go.mod h1:MDEgiDPPsNp5cuIrHPPCyornHKgEVbtFUmoNlxoYthg=
go.yaml.in/yaml/v3 v3.0.5 h1:N6y/pJk8buWs9NY5ERU2HSMfm+IuD/OtfdAnq6kESPw=
go.yaml.in/yaml/v3 v3.0.5/go.mod h1:HVTZu1O7/Vkt2N+BFy8Zza+lnLsABggaTM2ZpNIGuKg=
golang.org/x/crypto v0.0.0-20190308221718-c2843e01d9a2/go.mod h1:djNgcEr1/C05ACkg1iLfiJU5Ep61QUkGW8qpdssI0+w=
golang.org/x/crypto v0.0.0-20200622213623-75b288015ac9/go.mod h1:LzIPMQfyMNhhGPhUkYOs5KpL4U8rLKemX1yGLhDgUto=
golang.org/x/crypto v0.0.0-20210513164829-c07d793c2f9a/go.mod h1:P+XmwS30IXTQdn5tA2iutPOUgjI07+tq3H3K9MVA1s8=
golang.org/x/crypto v0.54.0 h1:YLIA59K4fiNzHzjnZt2tUJQjQtUWfWbeHBqKtk3eScw=
golang.org/x/crypto v0.54.0/go.mod h1:KWL8ny2AZdGR2cWmzeHrp2azQPGogOv+HeQaVEXC2dk=
golang.org/x/net v0.0.0-20190404232315-eb5bcb51f2a3/go.mod h1:t9HGtf8HONx5eT2rtn7q6eTqICYqUVnKs3thJo3Qplg=
golang.org/x/net v0.0.0-20210226172049-e18ecbb05110/go.mod h1:m0MpNAwzfU5UDzcl9v0D8zg8gWTRqZa9RBIspLL5mdg=
golang.org/x/net v0.57.0 h1:K5+3DljvIuDG9/Jv9rvyMywYNFCQ9RSUY6OOTTkT+tE=
golang.org/x/net v0.57.0/go.mod h1:KpXc8iv+r3XplLAG/f7Jsf9RPszJzdR0f58q9vGOuEU=
golang.org/x/sys v0.0.0-20190215142949-d0b11bdaac8a/go.mod h1:STP8DvDyc/dI5b8T5hshtkjS+E42TnysNCUPdjciGhY=
golang.org/x/sys v0.0.0-20190412213103-97732733099d/go.mod h1:h1NjWce9XRLGQEsW7wpKNCjG9DtNlClVuFLEZdDNbEs=
golang.org/x/sys v0.0.0-20201119102817-f84b799fce68/go.mod h1:h1NjWce9XRLGQEsW7wpKNCjG9DtNlClVuFLEZdDNbEs=
golang.org/x/sys v0.47.0 h1:o7XGOvZQCADBQQ4Y7VNq2dRWQR7JmOUW8Kxx4ZsNgWs=
golang.org/x/sys v0.47.0/go.mod h1:4GL1E5IUh+htKOUEOaiffhrAeqysfVGipDYzABqnCmw=
golang.org/x/term v0.0.0-20201126162022-7de9c90e9dd1/go.mod h1:bj7SfCRtBDWHUb9snDiAeCFNEtKQo2Wmx5Cou7ajbmo=
golang.org/x/term v0.45.0 h1:NwWyBmoJCbfTHpxrWoZ9C6/VxOf7ic219I8xZZFdrf0=
golang.org/x/term v0.45.0/go.mod h1:9aqxs0blBcrm/n0L9QW0aRVD+ktan8ssZromtqJC43w=
golang.org/x/text v0.3.0/go.mod h1:NqM8EUOU14njkJ3fqMW+pc6Ldnwhi/IjpwHt7yyuwOQ=
golang.org/x/text v0.3.3/go.mod h1:5Zoc/QRtKVWzQhOtBMvqHzDpF6irO9z98xDceosuGiQ=
golang.org/x/text v0.40.0 h1:Ub2Z6/xjgF1WrYQz2nuITOEegKFtiIy+rieRJ5lHZKs=
golang.org/x/text v0.40.0/go.mod h1:hpnzDAfGV753zIKo+wk3u1bVKCGPbrnF7+7LBF/UHVY=
golang.org/x/tools v0.0.0-20180917221912-90fa682c2a6e/go.mod h1:n7NCudcB/nEzxVGmLbDWY5pfWTLqBcC2KZ6jyYvM4mQ=
